
Microsoft Visual Studio Solution File, Format Version 12.00
# Visual Studio 15
VisualStudioVersion = 15.0.27428.2043
MinimumVisualStudioVersion = 10.0.40219.1
Project("{FAE04EC0-301F-11D3-BF4B-00C04F79EFBC}") = "750Words", "750Words\750Words.csproj", "{AB8824A7-A8C0-4607-AB6E-3CADA421E7B7}"
EndProject
Global
	GlobalSection(SolutionConfigurationPlatforms) = preSolution
		Debug|Any CPU = Debug|Any CPU
		Release|Any CPU = Release|Any CPU
	EndGlobalSection
	GlobalSection(ProjectConfigurationPlatforms) = postSolution
		{AB8824A7-A8C0-4607-AB6E-3CADA421E7B7}.Debug|Any CPU.ActiveCfg = Debug|Any CPU
		{AB8824A7-A8C0-4607-AB6E-3CADA421E7B7}.Debug|Any CPU.Build.0 = Debug|Any CPU
		{AB8824A7-A8C0-4607-AB6E-3CADA421E7B7}.Release|Any CPU.ActiveCfg = Release|Any CPU
		{AB8824A7-A8C0-4607-AB6E-3CADA421E7B7}.Release|Any CPU.Build.0 = Release|Any CPU
	EndGlobalSection
	GlobalSection(SolutionProperties) = preSolution
		HideSolutionNode = FALSE
	EndGlobalSection
	GlobalSection(ExtensibilityGlobals) = postSolution
		SolutionGuid = {B99CBB8B-E7BA-433E-87B0-78107B5AE4D4}
	EndGlobalSection
EndGlobal
